
Microsoft Visual Studio Solution File, Format Version 12.00
# Visual Studio 15
VisualStudioVersion = 15.0.28010.2036
MinimumVisualStudioVersion = 10.0.40219.1
Project("{FAE04EC0-301F-11D3-BF4B-00C04F79EFBC}") = "MegaDesk-2.0", "MegaDesk-2.0\MegaDesk-2.0.csproj", "{C09668A5-182F-4707-BBAF-0E151E91C6FE}"
EndProject
Global
	GlobalSection(SolutionConfigurationPlatforms) = preSolution
		Debug|Any CPU = Debug|Any CPU
		Release|Any CPU = Release|Any CPU
	EndGlobalSection
	GlobalSection(ProjectConfigurationPlatforms) = postSolution
		{C09668A5-182F-4707-BBAF-0E151E91C6FE}.Debug|Any CPU.ActiveCfg = Debug|Any CPU
		{C09668A5-182F-4707-BBAF-0E151E91C6FE}.Debug|Any CPU.Build.0 = Debug|Any CPU
		{C09668A5-182F-4707-BBAF-0E151E91C6FE}.Release|Any CPU.ActiveCfg = Release|Any CPU
	EndGlobalSection
	GlobalSection(SolutionProperties) = preSolution
		HideSolutionNode = FALSE
	EndGlobalSection
	GlobalSection(ExtensibilityGlobals) = postSolution
		SolutionGuid = {8AF78491-0A91-4BE4-A86C-68C6DE96598D}
	EndGlobalSection
EndGlobal
